{
  "name": "Elokuvasovellus",
  "lockfileVersion": 3,
  "requires": true,
  "packages": {
    "": {
      "dependencies": {
        "xml-formatter": "^3.6.0"
      }
    },
    "node_modules/xml-formatter": {
      "version": "3.6.0",
      "resolved": "https://registry.npmjs.org/xml-formatter/-/xml-formatter-3.6.0.tgz",
      "integrity": "sha512-Wic80ENNLF/5mLcc82hVLmoOWQlLDJtVv+N1/hkP4hBuVXPLKrXo92/4V23QYPKfUxvCU6Y2AcdpHCIA/xexFw==",
      "dependencies": {
        "xml-parser-xo": "^4.1.0"
      },
      "engines": {
        "node": ">= 14"
      }
    },
    "node_modules/xml-parser-xo": {
      "version": "4.1.1",
      "resolved": "https://registry.npmjs.org/xml-parser-xo/-/xml-parser-xo-4.1.1.tgz",
      "integrity": "sha512-Ggf2y90+Y6e9IK5hoPuembVHJ03PhDSdhldEmgzbihzu9k0XBo0sfcFxaSi4W1PlUSSI1ok+MJ0JCXUn+U4Ilw==",
      "engines": {
        "node": ">= 14"
      }
    }
  }
}
