lockfileVersion: '6.0'

settings:
  autoInstallPeers: true
  excludeLinksFromLockfile: false

dependencies:
  '@tanstack/react-query':
    specifier: ^5.8.1
    version: 5.8.1(react@18.2.0)

packages:

  /@tanstack/query-core@5.8.1:
    resolution: {integrity: sha512-Y0enatz2zQXBAsd7XmajlCs+WaitdR7dIFkqz9Xd7HL4KV04JOigWVreYseTmNH7YFSBSC/BJ9uuNp1MAf+GfA==}
    dev: false

  /@tanstack/react-query@5.8.1(react@18.2.0):
    resolution: {integrity: sha512-YMagxS8iNPOLg0pK6WOjdSDlAvWKOf69udLOwQrBVmkC2SRLNLko7elo5Ro3ptlJkXvTVHidxC/h5KGi5bH1XQ==}
    peerDependencies:
      react: ^18.0.0
      react-dom: ^18.0.0
      react-native: '*'
    peerDependenciesMeta:
      react-dom:
        optional: true
      react-native:
        optional: true
    dependencies:
      '@tanstack/query-core': 5.8.1
      react: 18.2.0
    dev: false

  /js-tokens@4.0.0:
    resolution: {integrity: sha512-RdJUflcE3cUzKiMqQgsCu06FPu9UdIJO0beYbPhHN4k6apgJtifcoCtT9bcxOpYBtpD2kCM6Sbzg4CausW/PKQ==}
    dev: false

  /loose-envify@1.4.0:
    resolution: {integrity: sha512-lyuxPGr/Wfhrlem2CL/UcnUc1zcqKAImBDzukY7Y5F/yQiNdko6+fRLevlw1HgMySw7f611UIY408EtxRSoK3Q==}
    hasBin: true
    dependencies:
      js-tokens: 4.0.0
    dev: false

  /react@18.2.0:
    resolution: {integrity: sha512-/3IjMdb2L9QbBdWiW5e3P2/npwMBaU9mHCSCUzNln0ZCYbcfTsGbTJrU/kGemdH2IWmB2ioZ+zkxtmq6g09fGQ==}
    engines: {node: '>=0.10.0'}
    dependencies:
      loose-envify: 1.4.0
    dev: false
